
Microsoft Visual Studio Solution File, Format Version 12.00
# Visual Studio Version 17
VisualStudioVersion = 17.13.35931.197 d17.13
MinimumVisualStudioVersion = 10.0.40219.1
Project("{FAE04EC0-301F-11D3-BF4B-00C04F79EFBC}") = "ReactiveUiApp01", "ReactiveUiApp01\ReactiveUiApp01.csproj", "{983E4D24-2275-4080-A7B5-7ADC7D3E9E64}"
EndProject
Global
	GlobalSection(SolutionConfigurationPlatforms) = preSolution
		Debug|Any CPU = Debug|Any CPU
		Release|Any CPU = Release|Any CPU
	EndGlobalSection
	GlobalSection(ProjectConfigurationPlatforms) = postSolution
		{983E4D24-2275-4080-A7B5-7ADC7D3E9E64}.Debug|Any CPU.ActiveCfg = Debug|Any CPU
		{983E4D24-2275-4080-A7B5-7ADC7D3E9E64}.Debug|Any CPU.Build.0 = Debug|Any CPU
		{983E4D24-2275-4080-A7B5-7ADC7D3E9E64}.Release|Any CPU.ActiveCfg = Release|Any CPU
		{983E4D24-2275-4080-A7B5-7ADC7D3E9E64}.Release|Any CPU.Build.0 = Release|Any CPU
	EndGlobalSection
	GlobalSection(SolutionProperties) = preSolution
		HideSolutionNode = FALSE
	EndGlobalSection
	GlobalSection(ExtensibilityGlobals) = postSolution
		SolutionGuid = {95554E22-8CBF-4CE9-8ECF-0148CA324D3A}
	EndGlobalSection
EndGlobal
