
Microsoft Visual Studio Solution File, Format Version 12.00
# Visual Studio Version 17
VisualStudioVersion = 17.13.35931.197 d17.13
MinimumVisualStudioVersion = 10.0.40219.1
Project("{FAE04EC0-301F-11D3-BF4B-00C04F79EFBC}") = "ObjectMove", "ObjectMove\ObjectMove.csproj", "{030A73F0-A60F-4922-ABCD-6568823F2518}"
EndProject
Global
	GlobalSection(SolutionConfigurationPlatforms) = preSolution
		Debug|Any CPU = Debug|Any CPU
		Release|Any CPU = Release|Any CPU
	EndGlobalSection
	GlobalSection(ProjectConfigurationPlatforms) = postSolution
		{030A73F0-A60F-4922-ABCD-6568823F2518}.Debug|Any CPU.ActiveCfg = Debug|Any CPU
		{030A73F0-A60F-4922-ABCD-6568823F2518}.Debug|Any CPU.Build.0 = Debug|Any CPU
		{030A73F0-A60F-4922-ABCD-6568823F2518}.Release|Any CPU.ActiveCfg = Release|Any CPU
		{030A73F0-A60F-4922-ABCD-6568823F2518}.Release|Any CPU.Build.0 = Release|Any CPU
	EndGlobalSection
	GlobalSection(SolutionProperties) = preSolution
		HideSolutionNode = FALSE
	EndGlobalSection
	GlobalSection(ExtensibilityGlobals) = postSolution
		SolutionGuid = {A94E6CE3-568A-43ED-A083-718DA66C124C}
	EndGlobalSection
EndGlobal
