
Microsoft Visual Studio Solution File, Format Version 12.00
# Visual Studio Version 17
VisualStudioVersion = 17.9.34723.18
MinimumVisualStudioVersion = 10.0.40219.1
Project("{9A19103F-16F7-4668-BE54-9A1E7A4F7556}") = "CaliburnStartup", "CaliburnStartup\CaliburnStartup.csproj", "{D0BC7F44-7703-4DB9-9C30-96DE00A807DC}"
EndProject
Project("{9A19103F-16F7-4668-BE54-9A1E7A4F7556}") = "EmployeeMngApp", "EmployeeMngApp\EmployeeMngApp.csproj", "{F695A276-C67E-4183-AEEF-DFC3404D8F8C}"
EndProject
Project("{9A19103F-16F7-4668-BE54-9A1E7A4F7556}") = "NewEmployeeMngApp", "NewEmployeeMngApp\NewEmployeeMngApp.csproj", "{859AF6A0-E165-4AED-859A-1F01DEB352DF}"
EndProject
Global
	GlobalSection(SolutionConfigurationPlatforms) = preSolution
		Debug|Any CPU = Debug|Any CPU
		Release|Any CPU = Release|Any CPU
	EndGlobalSection
	GlobalSection(ProjectConfigurationPlatforms) = postSolution
		{D0BC7F44-7703-4DB9-9C30-96DE00A807DC}.Debug|Any CPU.ActiveCfg = Debug|Any CPU
		{D0BC7F44-7703-4DB9-9C30-96DE00A807DC}.Debug|Any CPU.Build.0 = Debug|Any CPU
		{D0BC7F44-7703-4DB9-9C30-96DE00A807DC}.Release|Any CPU.ActiveCfg = Release|Any CPU
		{D0BC7F44-7703-4DB9-9C30-96DE00A807DC}.Release|Any CPU.Build.0 = Release|Any CPU
		{F695A276-C67E-4183-AEEF-DFC3404D8F8C}.Debug|Any CPU.ActiveCfg = Debug|Any CPU
		{F695A276-C67E-4183-AEEF-DFC3404D8F8C}.Debug|Any CPU.Build.0 = Debug|Any CPU
		{F695A276-C67E-4183-AEEF-DFC3404D8F8C}.Release|Any CPU.ActiveCfg = Release|Any CPU
		{F695A276-C67E-4183-AEEF-DFC3404D8F8C}.Release|Any CPU.Build.0 = Release|Any CPU
		{859AF6A0-E165-4AED-859A-1F01DEB352DF}.Debug|Any CPU.ActiveCfg = Debug|Any CPU
		{859AF6A0-E165-4AED-859A-1F01DEB352DF}.Debug|Any CPU.Build.0 = Debug|Any CPU
		{859AF6A0-E165-4AED-859A-1F01DEB352DF}.Release|Any CPU.ActiveCfg = Release|Any CPU
		{859AF6A0-E165-4AED-859A-1F01DEB352DF}.Release|Any CPU.Build.0 = Release|Any CPU
	EndGlobalSection
	GlobalSection(SolutionProperties) = preSolution
		HideSolutionNode = FALSE
	EndGlobalSection
	GlobalSection(ExtensibilityGlobals) = postSolution
		SolutionGuid = {1E42310D-80E7-4420-892A-E3389C179F74}
	EndGlobalSection
EndGlobal
